
Microsoft Visual Studio Solution File, Format Version 12.00
# Visual Studio Version 16
VisualStudioVersion = 16.0.29519.87
MinimumVisualStudioVersion = 10.0.40219.1
Project("{FAE04EC0-301F-11D3-BF4B-00C04F79EFBC}") = "EGrades", "EGrades\EGrades.csproj", "{39B77625-01EE-439B-9472-F66448A1F633}"
EndProject
Global
	GlobalSection(SolutionConfigurationPlatforms) = preSolution
		Debug|Any CPU = Debug|Any CPU
		Release|Any CPU = Release|Any CPU
	EndGlobalSection
	GlobalSection(ProjectConfigurationPlatforms) = postSolution
		{39B77625-01EE-439B-9472-F66448A1F633}.Debug|Any CPU.ActiveCfg = Debug|Any CPU
		{39B77625-01EE-439B-9472-F66448A1F633}.Debug|Any CPU.Build.0 = Debug|Any CPU
		{39B77625-01EE-439B-9472-F66448A1F633}.Release|Any CPU.ActiveCfg = Release|Any CPU
		{39B77625-01EE-439B-9472-F66448A1F633}.Release|Any CPU.Build.0 = Release|Any CPU
	EndGlobalSection
	GlobalSection(SolutionProperties) = preSolution
		HideSolutionNode = FALSE
	EndGlobalSection
	GlobalSection(ExtensibilityGlobals) = postSolution
		SolutionGuid = {CB24EA0E-ED8D-48A3-88EE-C362F927C90D}
	EndGlobalSection
EndGlobal
